Microsoft Visual Studio Solution File, Format Version 12.00
# Visual Studio Version 17
VisualStudioVersion = 17.13.35931.197
MinimumVisualStudioVersion = 10.0.40219.1
Project("{FAE04EC0-301F-11D3-BF4B-00C04F79EFBC}") = "DaprAspire.AppHost", "DaprAspire.AppHost\DaprAspire.AppHost.csproj", "{AE2332DF-20D3-4C46-A759-3D171035F50C}"
EndProject
Project("{FAE04EC0-301F-11D3-BF4B-00C04F79EFBC}") = "DaprAspire.ServiceDefaults", "DaprAspire.ServiceDefaults\DaprAspire.ServiceDefaults.csproj", "{8E795D23-E1B8-8E79-F295-BA83388AB817}"
EndProject
Project("{FAE04EC0-301F-11D3-BF4B-00C04F79EFBC}") = "DaprAspire.Domain", "DaprAspire.Domain\DaprAspire.Domain.csproj", "{5C89EDDC-57DC-4DC6-B50F-59C7618A493C}"
EndProject
Project("{2150E333-8FDC-42A3-9474-1A3956D46DE8}") = "Entries", "Entries", "{02EA681E-C7D8-13C7-8484-4AC65E1B71E8}"
EndProject
Project("{2150E333-8FDC-42A3-9474-1A3956D46DE8}") = "Consolidation", "Consolidation", "{DDE15F87-ECF6-4126-A7BD-DCDC21A6BB73}"
EndProject
Project("{FAE04EC0-301F-11D3-BF4B-00C04F79EFBC}") = "DaprAspire.ConsolidationApi", "DaprAspire.ConsolidationApi\DaprAspire.ConsolidationApi.csproj", "{7D95A649-734D-4675-84CF-AFC4A7B7F817}"
EndProject
Project("{FAE04EC0-301F-11D3-BF4B-00C04F79EFBC}") = "DaprAspire.Entries.Api", "DaprAspire.Entries.Api\DaprAspire.Entries.Api.csproj", "{6E7492DA-4FAF-4D1E-B553-3789D31436D3}"
EndProject
Project("{FAE04EC0-301F-11D3-BF4B-00C04F79EFBC}") = "DaprApire.Entries.Application", "DaprApire.Entries.Application\DaprApire.Entries.Application.csproj", "{7C5CFEAE-16F1-4385-8A07-4482A99086C7}"
EndProject
Project("{FAE04EC0-301F-11D3-BF4B-00C04F79EFBC}") = "DaprAspire.Entries.Domain", "DaprAspire.Entries.Domain\DaprAspire.Entries.Domain.csproj", "{9587630A-392C-4948-99B0-ACDCBEA69CD9}"
EndProject
Project("{FAE04EC0-301F-11D3-BF4B-00C04F79EFBC}") = "DaprAspire.Consolidation.Application", "DaprAspire.Consolidation.Application\DaprAspire.Consolidation.Application.csproj", "{281BBDBF-382E-42AE-8488-666F6C19D688}"
EndProject
Project("{FAE04EC0-301F-11D3-BF4B-00C04F79EFBC}") = "DaprAspire.Consolidation.Domain", "DaprAspire.Consolidation.Domain\DaprAspire.Consolidation.Domain.csproj", "{3B72F222-CB6A-46C4-A75A-ADCCCDC94FEF}"
EndProject
Project("{2150E333-8FDC-42A3-9474-1A3956D46DE8}") = "Solution Items", "Solution Items", "{291C8BFC-CD32-4A4A-AD07-DE01DD60D999}"
	ProjectSection(SolutionItems) = preProject
		.editorconfig = .editorconfig
		.gitignore = .gitignore
		Directory.Packages.props = Directory.Packages.props
	EndProjectSection
EndProject
Project("{FAE04EC0-301F-11D3-BF4B-00C04F79EFBC}") = "DaprAspire.Entries.Tests", "DaprAspire.Entries.Tests\DaprAspire.Entries.Tests.csproj", "{2AF5BB27-665B-47DD-AB6B-A3CA646EFC0B}"
EndProject
Project("{FAE04EC0-301F-11D3-BF4B-00C04F79EFBC}") = "DaprAspire.Consolidation.Infrastructure", "DaprAspire.Consolidation.Infrastructure\DaprAspire.Consolidation.Infrastructure.csproj", "{CB601749-2FEB-4B51-82A7-D6F0C35D1CCC}"
EndProject
Global
	GlobalSection(SolutionConfigurationPlatforms) = preSolution
		Debug|Any CPU = Debug|Any CPU
		Release|Any CPU = Release|Any CPU
	EndGlobalSection
	GlobalSection(ProjectConfigurationPlatforms) = postSolution
		{AE2332DF-20D3-4C46-A759-3D171035F50C}.Debug|Any CPU.ActiveCfg = Debug|Any CPU
		{AE2332DF-20D3-4C46-A759-3D171035F50C}.Debug|Any CPU.Build.0 = Debug|Any CPU
		{AE2332DF-20D3-4C46-A759-3D171035F50C}.Release|Any CPU.ActiveCfg = Release|Any CPU
		{AE2332DF-20D3-4C46-A759-3D171035F50C}.Release|Any CPU.Build.0 = Release|Any CPU
		{8E795D23-E1B8-8E79-F295-BA83388AB817}.Debug|Any CPU.ActiveCfg = Debug|Any CPU
		{8E795D23-E1B8-8E79-F295-BA83388AB817}.Debug|Any CPU.Build.0 = Debug|Any CPU
		{8E795D23-E1B8-8E79-F295-BA83388AB817}.Release|Any CPU.ActiveCfg = Release|Any CPU
		{8E795D23-E1B8-8E79-F295-BA83388AB817}.Release|Any CPU.Build.0 = Release|Any CPU
		{5C89EDDC-57DC-4DC6-B50F-59C7618A493C}.Debug|Any CPU.ActiveCfg = Debug|Any CPU
		{5C89EDDC-57DC-4DC6-B50F-59C7618A493C}.Debug|Any CPU.Build.0 = Debug|Any CPU
		{5C89EDDC-57DC-4DC6-B50F-59C7618A493C}.Release|Any CPU.ActiveCfg = Release|Any CPU
		{5C89EDDC-57DC-4DC6-B50F-59C7618A493C}.Release|Any CPU.Build.0 = Release|Any CPU
		{7D95A649-734D-4675-84CF-AFC4A7B7F817}.Debug|Any CPU.ActiveCfg = Debug|Any CPU
		{7D95A649-734D-4675-84CF-AFC4A7B7F817}.Debug|Any CPU.Build.0 = Debug|Any CPU
		{7D95A649-734D-4675-84CF-AFC4A7B7F817}.Release|Any CPU.ActiveCfg = Release|Any CPU
		{7D95A649-734D-4675-84CF-AFC4A7B7F817}.Release|Any CPU.Build.0 = Release|Any CPU
		{6E7492DA-4FAF-4D1E-B553-3789D31436D3}.Debug|Any CPU.ActiveCfg = Debug|Any CPU
		{6E7492DA-4FAF-4D1E-B553-3789D31436D3}.Debug|Any CPU.Build.0 = Debug|Any CPU
		{6E7492DA-4FAF-4D1E-B553-3789D31436D3}.Release|Any CPU.ActiveCfg = Release|Any CPU
		{6E7492DA-4FAF-4D1E-B553-3789D31436D3}.Release|Any CPU.Build.0 = Release|Any CPU
		{7C5CFEAE-16F1-4385-8A07-4482A99086C7}.Debug|Any CPU.ActiveCfg = Debug|Any CPU
		{7C5CFEAE-16F1-4385-8A07-4482A99086C7}.Debug|Any CPU.Build.0 = Debug|Any CPU
		{7C5CFEAE-16F1-4385-8A07-4482A99086C7}.Release|Any CPU.ActiveCfg = Release|Any CPU
		{7C5CFEAE-16F1-4385-8A07-4482A99086C7}.Release|Any CPU.Build.0 = Release|Any CPU
		{9587630A-392C-4948-99B0-ACDCBEA69CD9}.Debug|Any CPU.ActiveCfg = Debug|Any CPU
		{9587630A-392C-4948-99B0-ACDCBEA69CD9}.Debug|Any CPU.Build.0 = Debug|Any CPU
		{9587630A-392C-4948-99B0-ACDCBEA69CD9}.Release|Any CPU.ActiveCfg = Release|Any CPU
		{9587630A-392C-4948-99B0-ACDCBEA69CD9}.Release|Any CPU.Build.0 = Release|Any CPU
		{281BBDBF-382E-42AE-8488-666F6C19D688}.Debug|Any CPU.ActiveCfg = Debug|Any CPU
		{281BBDBF-382E-42AE-8488-666F6C19D688}.Debug|Any CPU.Build.0 = Debug|Any CPU
		{281BBDBF-382E-42AE-8488-666F6C19D688}.Release|Any CPU.ActiveCfg = Release|Any CPU
		{281BBDBF-382E-42AE-8488-666F6C19D688}.Release|Any CPU.Build.0 = Release|Any CPU
		{3B72F222-CB6A-46C4-A75A-ADCCCDC94FEF}.Debug|Any CPU.ActiveCfg = Debug|Any CPU
		{3B72F222-CB6A-46C4-A75A-ADCCCDC94FEF}.Debug|Any CPU.Build.0 = Debug|Any CPU
		{3B72F222-CB6A-46C4-A75A-ADCCCDC94FEF}.Release|Any CPU.ActiveCfg = Release|Any CPU
		{3B72F222-CB6A-46C4-A75A-ADCCCDC94FEF}.Release|Any CPU.Build.0 = Release|Any CPU
		{2AF5BB27-665B-47DD-AB6B-A3CA646EFC0B}.Debug|Any CPU.ActiveCfg = Debug|Any CPU
		{2AF5BB27-665B-47DD-AB6B-A3CA646EFC0B}.Debug|Any CPU.Build.0 = Debug|Any CPU
		{2AF5BB27-665B-47DD-AB6B-A3CA646EFC0B}.Release|Any CPU.ActiveCfg = Release|Any CPU
		{2AF5BB27-665B-47DD-AB6B-A3CA646EFC0B}.Release|Any CPU.Build.0 = Release|Any CPU
		{CB601749-2FEB-4B51-82A7-D6F0C35D1CCC}.Debug|Any CPU.ActiveCfg = Debug|Any CPU
		{CB601749-2FEB-4B51-82A7-D6F0C35D1CCC}.Debug|Any CPU.Build.0 = Debug|Any CPU
		{CB601749-2FEB-4B51-82A7-D6F0C35D1CCC}.Release|Any CPU.ActiveCfg = Release|Any CPU
		{CB601749-2FEB-4B51-82A7-D6F0C35D1CCC}.Release|Any CPU.Build.0 = Release|Any CPU
	EndGlobalSection
	GlobalSection(SolutionProperties) = preSolution
		HideSolutionNode = FALSE
	EndGlobalSection
	GlobalSection(NestedProjects) = preSolution
		{7D95A649-734D-4675-84CF-AFC4A7B7F817} = {DDE15F87-ECF6-4126-A7BD-DCDC21A6BB73}
		{6E7492DA-4FAF-4D1E-B553-3789D31436D3} = {02EA681E-C7D8-13C7-8484-4AC65E1B71E8}
		{7C5CFEAE-16F1-4385-8A07-4482A99086C7} = {02EA681E-C7D8-13C7-8484-4AC65E1B71E8}
		{9587630A-392C-4948-99B0-ACDCBEA69CD9} = {02EA681E-C7D8-13C7-8484-4AC65E1B71E8}
		{281BBDBF-382E-42AE-8488-666F6C19D688} = {DDE15F87-ECF6-4126-A7BD-DCDC21A6BB73}
		{3B72F222-CB6A-46C4-A75A-ADCCCDC94FEF} = {DDE15F87-ECF6-4126-A7BD-DCDC21A6BB73}
		{2AF5BB27-665B-47DD-AB6B-A3CA646EFC0B} = {02EA681E-C7D8-13C7-8484-4AC65E1B71E8}
		{CB601749-2FEB-4B51-82A7-D6F0C35D1CCC} = {DDE15F87-ECF6-4126-A7BD-DCDC21A6BB73}
	EndGlobalSection
	GlobalSection(ExtensibilityGlobals) = postSolution
		SolutionGuid = {7A71CA04-CB07-44C9-950A-3CE580155662}
	EndGlobalSection
EndGlobal
